{
  "name": "faqs-model",
  "version": "1.0.0",
  "lockfileVersion": 3,
  "requires": true,
  "packages": {
    "": {
      "name": "faqs-model",
      "version": "1.0.0",
      "license": "ISC",
      "dependencies": {
        "@types/typescript": "^0.4.29"
      }
    },
    "node_modules/@types/typescript": {
      "version": "0.4.29",
      "resolved": "https://registry.npmjs.org/@types/typescript/-/typescript-0.4.29.tgz",
      "integrity": "sha512-xNMrowAG/I8ONu0ggJsqVNR2G2usn1aCkf8cWnzAPG/W4tTQH9PaVyizf7164cevBMAgv81t2qEETehj+N37Rw==",
      "license": "MIT"
    }
  }
}
